
Microsoft Visual Studio Solution File, Format Version 12.00
# Visual Studio Version 16
VisualStudioVersion = 16.0.32228.343
MinimumVisualStudioVersion = 10.0.40219.1
Project("{FAE04EC0-301F-11D3-BF4B-00C04F79EFBC}") = "HelloWorld", "HelloWorld.csproj", "{FFF1D479-EE34-4A3A-9349-47BC12AF4DE2}"
EndProject
Global
	GlobalSection(SolutionConfigurationPlatforms) = preSolution
		Debug|Any CPU = Debug|Any CPU
		Release|Any CPU = Release|Any CPU
	EndGlobalSection
	GlobalSection(ProjectConfigurationPlatforms) = postSolution
		{FFF1D479-EE34-4A3A-9349-47BC12AF4DE2}.Debug|Any CPU.ActiveCfg = Debug|Any CPU
		{FFF1D479-EE34-4A3A-9349-47BC12AF4DE2}.Debug|Any CPU.Build.0 = Debug|Any CPU
		{FFF1D479-EE34-4A3A-9349-47BC12AF4DE2}.Release|Any CPU.ActiveCfg = Release|Any CPU
		{FFF1D479-EE34-4A3A-9349-47BC12AF4DE2}.Release|Any CPU.Build.0 = Release|Any CPU
	EndGlobalSection
	GlobalSection(SolutionProperties) = preSolution
		HideSolutionNode = FALSE
	EndGlobalSection
	GlobalSection(ExtensibilityGlobals) = postSolution
		SolutionGuid = {D391A650-45B2-4605-A5B9-587B78FD500D}
	EndGlobalSection
EndGlobal
